
Microsoft Visual Studio Solution File, Format Version 12.00
# Visual Studio Version 17
VisualStudioVersion = 17.3.32611.2
MinimumVisualStudioVersion = 10.0.40219.1
Project("{9A19103F-16F7-4668-BE54-9A1E7A4F7556}") = "Esh3arTech.Domain", "src\Esh3arTech.Domain\Esh3arTech.Domain.csproj", "{554AD327-6DBA-4F8F-96F8-81CE7A0C863F}"
EndProject
Project("{9A19103F-16F7-4668-BE54-9A1E7A4F7556}") = "Esh3arTech.Application", "src\Esh3arTech.Application\Esh3arTech.Application.csproj", "{1A94A50E-06DC-43C1-80B5-B662820EC3EB}"
EndProject
Project("{9A19103F-16F7-4668-BE54-9A1E7A4F7556}") = "Esh3arTech.EntityFrameworkCore", "src\Esh3arTech.EntityFrameworkCore\Esh3arTech.EntityFrameworkCore.csproj", "{C956DD76-69C8-4A9C-83EA-D17DF83340FD}"
EndProject
Project("{9A19103F-16F7-4668-BE54-9A1E7A4F7556}") = "Esh3arTech.Web", "src\Esh3arTech.Web\Esh3arTech.Web.csproj", "{068855E8-9240-4F1A-910B-CF825794513B}"
EndProject
Project("{2150E333-8FDC-42A3-9474-1A3956D46DE8}") = "src", "src", "{CA9AC87F-097E-4F15-8393-4BC07735A5B0}"
EndProject
Project("{9A19103F-16F7-4668-BE54-9A1E7A4F7556}") = "Esh3arTech.Domain.Shared", "src\Esh3arTech.Domain.Shared\Esh3arTech.Domain.Shared.csproj", "{42F719ED-8413-4895-B5B4-5AB56079BC66}"
EndProject
Project("{9A19103F-16F7-4668-BE54-9A1E7A4F7556}") = "Esh3arTech.Application.Contracts", "src\Esh3arTech.Application.Contracts\Esh3arTech.Application.Contracts.csproj", "{520659C8-C734-4298-A3DA-B539DB9DFC0B}"
EndProject
Project("{9A19103F-16F7-4668-BE54-9A1E7A4F7556}") = "Esh3arTech.HttpApi", "src\Esh3arTech.HttpApi\Esh3arTech.HttpApi.csproj", "{4164BDF7-F527-4E85-9CE6-E3C2D7426A27}"
EndProject
Project("{9A19103F-16F7-4668-BE54-9A1E7A4F7556}") = "Esh3arTech.HttpApi.Client", "src\Esh3arTech.HttpApi.Client\Esh3arTech.HttpApi.Client.csproj", "{3B5A0094-670D-4BB1-BFDD-61B88A8773DC}"
EndProject
Project("{9A19103F-16F7-4668-BE54-9A1E7A4F7556}") = "Esh3arTech.DbMigrator", "src\Esh3arTech.DbMigrator\Esh3arTech.DbMigrator.csproj", "{70680696-BB1E-4383-BCB2-42C3767171FB}"
EndProject
Project("{FAE04EC0-301F-11D3-BF4B-00C04F79EFBC}") = "Esh3arTech.Abp.Media", "src\Esh3arTech.Abp.Media\Esh3arTech.Abp.Media.csproj", "{63A79BAB-D0BE-4FFF-84EB-391C57F09B84}"
EndProject
Project("{2150E333-8FDC-42A3-9474-1A3956D46DE8}") = "Abp.Blob", "Abp.Blob", "{02EA681E-C7D8-13C7-8484-4AC65E1B71E8}"
EndProject
Project("{FAE04EC0-301F-11D3-BF4B-00C04F79EFBC}") = "Esh3arTech.Abp.Blob", "src\Esh3arTech.Abp.Blob\Esh3arTech.Abp.Blob.csproj", "{2F095634-B451-A1F9-77B8-A778D228E5A2}"
EndProject
Project("{2150E333-8FDC-42A3-9474-1A3956D46DE8}") = "Abp.Worker", "Abp.Worker", "{9E2D19A6-2087-4F06-9420-E94F7B52C89F}"
EndProject
Project("{FAE04EC0-301F-11D3-BF4B-00C04F79EFBC}") = "Esh3arTech.Abp.Worker", "..\Esh3arTech_v2\src\Esh3arTech.Abp.Worker\Esh3arTech.Abp.Worker.csproj", "{72C5D4C1-06A1-47C2-A29F-9F7EF502A0B4}"
EndProject
Global
	GlobalSection(SolutionConfigurationPlatforms) = preSolution
		Debug|Any CPU = Debug|Any CPU
		Release|Any CPU = Release|Any CPU
	EndGlobalSection
	GlobalSection(ProjectConfigurationPlatforms) = postSolution
		{554AD327-6DBA-4F8F-96F8-81CE7A0C863F}.Debug|Any CPU.ActiveCfg = Debug|Any CPU
		{554AD327-6DBA-4F8F-96F8-81CE7A0C863F}.Debug|Any CPU.Build.0 = Debug|Any CPU
		{554AD327-6DBA-4F8F-96F8-81CE7A0C863F}.Release|Any CPU.ActiveCfg = Release|Any CPU
		{554AD327-6DBA-4F8F-96F8-81CE7A0C863F}.Release|Any CPU.Build.0 = Release|Any CPU
		{1A94A50E-06DC-43C1-80B5-B662820EC3EB}.Debug|Any CPU.ActiveCfg = Debug|Any CPU
		{1A94A50E-06DC-43C1-80B5-B662820EC3EB}.Debug|Any CPU.Build.0 = Debug|Any CPU
		{1A94A50E-06DC-43C1-80B5-B662820EC3EB}.Release|Any CPU.ActiveCfg = Release|Any CPU
		{1A94A50E-06DC-43C1-80B5-B662820EC3EB}.Release|Any CPU.Build.0 = Release|Any CPU
		{C956DD76-69C8-4A9C-83EA-D17DF83340FD}.Debug|Any CPU.ActiveCfg = Debug|Any CPU
		{C956DD76-69C8-4A9C-83EA-D17DF83340FD}.Debug|Any CPU.Build.0 = Debug|Any CPU
		{C956DD76-69C8-4A9C-83EA-D17DF83340FD}.Release|Any CPU.ActiveCfg = Release|Any CPU
		{C956DD76-69C8-4A9C-83EA-D17DF83340FD}.Release|Any CPU.Build.0 = Release|Any CPU
		{068855E8-9240-4F1A-910B-CF825794513B}.Debug|Any CPU.ActiveCfg = Debug|Any CPU
		{068855E8-9240-4F1A-910B-CF825794513B}.Debug|Any CPU.Build.0 = Debug|Any CPU
		{068855E8-9240-4F1A-910B-CF825794513B}.Release|Any CPU.ActiveCfg = Release|Any CPU
		{068855E8-9240-4F1A-910B-CF825794513B}.Release|Any CPU.Build.0 = Release|Any CPU
		{42F719ED-8413-4895-B5B4-5AB56079BC66}.Debug|Any CPU.ActiveCfg = Debug|Any CPU
		{42F719ED-8413-4895-B5B4-5AB56079BC66}.Debug|Any CPU.Build.0 = Debug|Any CPU
		{42F719ED-8413-4895-B5B4-5AB56079BC66}.Release|Any CPU.ActiveCfg = Release|Any CPU
		{42F719ED-8413-4895-B5B4-5AB56079BC66}.Release|Any CPU.Build.0 = Release|Any CPU
		{520659C8-C734-4298-A3DA-B539DB9DFC0B}.Debug|Any CPU.ActiveCfg = Debug|Any CPU
		{520659C8-C734-4298-A3DA-B539DB9DFC0B}.Debug|Any CPU.Build.0 = Debug|Any CPU
		{520659C8-C734-4298-A3DA-B539DB9DFC0B}.Release|Any CPU.ActiveCfg = Release|Any CPU
		{520659C8-C734-4298-A3DA-B539DB9DFC0B}.Release|Any CPU.Build.0 = Release|Any CPU
		{4164BDF7-F527-4E85-9CE6-E3C2D7426A27}.Debug|Any CPU.ActiveCfg = Debug|Any CPU
		{4164BDF7-F527-4E85-9CE6-E3C2D7426A27}.Debug|Any CPU.Build.0 = Debug|Any CPU
		{4164BDF7-F527-4E85-9CE6-E3C2D7426A27}.Release|Any CPU.ActiveCfg = Release|Any CPU
		{4164BDF7-F527-4E85-9CE6-E3C2D7426A27}.Release|Any CPU.Build.0 = Release|Any CPU
		{3B5A0094-670D-4BB1-BFDD-61B88A8773DC}.Debug|Any CPU.ActiveCfg = Debug|Any CPU
		{3B5A0094-670D-4BB1-BFDD-61B88A8773DC}.Debug|Any CPU.Build.0 = Debug|Any CPU
		{3B5A0094-670D-4BB1-BFDD-61B88A8773DC}.Release|Any CPU.ActiveCfg = Release|Any CPU
		{3B5A0094-670D-4BB1-BFDD-61B88A8773DC}.Release|Any CPU.Build.0 = Release|Any CPU
		{70680696-BB1E-4383-BCB2-42C3767171FB}.Debug|Any CPU.ActiveCfg = Debug|Any CPU
		{70680696-BB1E-4383-BCB2-42C3767171FB}.Debug|Any CPU.Build.0 = Debug|Any CPU
		{70680696-BB1E-4383-BCB2-42C3767171FB}.Release|Any CPU.ActiveCfg = Release|Any CPU
		{70680696-BB1E-4383-BCB2-42C3767171FB}.Release|Any CPU.Build.0 = Release|Any CPU
		{63A79BAB-D0BE-4FFF-84EB-391C57F09B84}.Debug|Any CPU.ActiveCfg = Debug|Any CPU
		{63A79BAB-D0BE-4FFF-84EB-391C57F09B84}.Debug|Any CPU.Build.0 = Debug|Any CPU
		{63A79BAB-D0BE-4FFF-84EB-391C57F09B84}.Release|Any CPU.ActiveCfg = Release|Any CPU
		{63A79BAB-D0BE-4FFF-84EB-391C57F09B84}.Release|Any CPU.Build.0 = Release|Any CPU
		{2F095634-B451-A1F9-77B8-A778D228E5A2}.Debug|Any CPU.ActiveCfg = Debug|Any CPU
		{2F095634-B451-A1F9-77B8-A778D228E5A2}.Debug|Any CPU.Build.0 = Debug|Any CPU
		{2F095634-B451-A1F9-77B8-A778D228E5A2}.Release|Any CPU.ActiveCfg = Release|Any CPU
		{2F095634-B451-A1F9-77B8-A778D228E5A2}.Release|Any CPU.Build.0 = Release|Any CPU
		{72C5D4C1-06A1-47C2-A29F-9F7EF502A0B4}.Debug|Any CPU.ActiveCfg = Debug|Any CPU
		{72C5D4C1-06A1-47C2-A29F-9F7EF502A0B4}.Debug|Any CPU.Build.0 = Debug|Any CPU
		{72C5D4C1-06A1-47C2-A29F-9F7EF502A0B4}.Release|Any CPU.ActiveCfg = Release|Any CPU
		{72C5D4C1-06A1-47C2-A29F-9F7EF502A0B4}.Release|Any CPU.Build.0 = Release|Any CPU
	EndGlobalSection
	GlobalSection(SolutionProperties) = preSolution
		HideSolutionNode = FALSE
	EndGlobalSection
	GlobalSection(NestedProjects) = preSolution
		{554AD327-6DBA-4F8F-96F8-81CE7A0C863F} = {CA9AC87F-097E-4F15-8393-4BC07735A5B0}
		{1A94A50E-06DC-43C1-80B5-B662820EC3EB} = {CA9AC87F-097E-4F15-8393-4BC07735A5B0}
		{C956DD76-69C8-4A9C-83EA-D17DF83340FD} = {CA9AC87F-097E-4F15-8393-4BC07735A5B0}
		{068855E8-9240-4F1A-910B-CF825794513B} = {CA9AC87F-097E-4F15-8393-4BC07735A5B0}
		{42F719ED-8413-4895-B5B4-5AB56079BC66} = {CA9AC87F-097E-4F15-8393-4BC07735A5B0}
		{520659C8-C734-4298-A3DA-B539DB9DFC0B} = {CA9AC87F-097E-4F15-8393-4BC07735A5B0}
		{4164BDF7-F527-4E85-9CE6-E3C2D7426A27} = {CA9AC87F-097E-4F15-8393-4BC07735A5B0}
		{3B5A0094-670D-4BB1-BFDD-61B88A8773DC} = {CA9AC87F-097E-4F15-8393-4BC07735A5B0}
		{70680696-BB1E-4383-BCB2-42C3767171FB} = {CA9AC87F-097E-4F15-8393-4BC07735A5B0}
		{63A79BAB-D0BE-4FFF-84EB-391C57F09B84} = {02EA681E-C7D8-13C7-8484-4AC65E1B71E8}
		{02EA681E-C7D8-13C7-8484-4AC65E1B71E8} = {CA9AC87F-097E-4F15-8393-4BC07735A5B0}
		{2F095634-B451-A1F9-77B8-A778D228E5A2} = {02EA681E-C7D8-13C7-8484-4AC65E1B71E8}
		{9E2D19A6-2087-4F06-9420-E94F7B52C89F} = {CA9AC87F-097E-4F15-8393-4BC07735A5B0}
		{72C5D4C1-06A1-47C2-A29F-9F7EF502A0B4} = {9E2D19A6-2087-4F06-9420-E94F7B52C89F}
	EndGlobalSection
	GlobalSection(ExtensibilityGlobals) = postSolution
		SolutionGuid = {28315BFD-90E7-4E14-A2EA-F3D23AF4126F}
	EndGlobalSection
EndGlobal
